{
    "_meta": {
        "hash": {
            "sha256": "d9a97e17c24185a6192d3d107143794d2ff9188f063aeab59e144e06514f0813"
        },
        "pipfile-spec": 6,
        "requires": {
            "python_version": "3.9"
        },
        "sources": [
            {
                "name": "pypi",
                "url": "https://pypi.org/simple",
                "verify_ssl": true
            }
        ]
    },
    "default": {
        "clibot": {
            "editable": true,
            "path": "./../clibot"
        },
        "marshmallow": {
            "hashes": [
                "sha256:4bc31ab18133083b12893c61f2fc38b93c390d3fd6ae2ac61980b7dc936a1afa",
                "sha256:97ad6acaf727be986330969cff16040fce051510759ca709de9cd48093c55d04"
            ],
            "index": "pypi",
            "version": "==3.9.0"
        },
        "marshmallow-dataclass": {
            "hashes": [
                "sha256:4b72871eb1d479d32b70e1408e58d086f2367355640578ece848b880a07124e3"
            ],
            "index": "pypi",
            "version": "==8.1.0"
        },
        "mypy-extensions": {
            "hashes": [
                "sha256:090fedd75945a69ae91ce1303b5824f428daf5a028d2f6ab8a299250a846f15d",
                "sha256:2d82818f5bb3e369420cb3c4060a7970edba416647068eb4c5343488a6c604a8"
            ],
            "version": "==0.4.3"
        },
        "pyyaml": {
            "hashes": [
                "sha256:06a0d7ba600ce0b2d2fe2e78453a470b5a6e000a985dd4a4e54e436cc36b0e97",
                "sha256:240097ff019d7c70a4922b6869d8a86407758333f02203e0fc6ff79c5dcede76",
                "sha256:4f4b913ca1a7319b33cfb1369e91e50354d6f07a135f3b901aca02aa95940bd2",
                "sha256:69f00dca373f240f842b2931fb2c7e14ddbacd1397d57157a9b005a6a9942648",
                "sha256:73f099454b799e05e5ab51423c7bcf361c58d3206fa7b0d555426b1f4d9a3eaf",
                "sha256:74809a57b329d6cc0fdccee6318f44b9b8649961fa73144a98735b0aaf029f1f",
                "sha256:7739fc0fa8205b3ee8808aea45e968bc90082c10aef6ea95e855e10abf4a37b2",
                "sha256:95f71d2af0ff4227885f7a6605c37fd53d3a106fcab511b8860ecca9fcf400ee",
                "sha256:b8eac752c5e14d3eca0e6dd9199cd627518cb5ec06add0de9d32baeee6fe645d",
                "sha256:cc8955cfbfc7a115fa81d85284ee61147059a753344bc51098f3ccd69b0d7e0c",
                "sha256:d13155f591e6fcc1ec3b30685d50bf0711574e2c0dfffd7644babf8b5102ca1a"
            ],
            "index": "pypi",
            "version": "==5.3.1"
        },
        "sqlalchemy": {
            "hashes": [
                "sha256:009e8388d4d551a2107632921320886650b46332f61dc935e70c8bcf37d8e0d6",
                "sha256:0157c269701d88f5faf1fa0e4560e4d814f210c01a5b55df3cab95e9346a8bcc",
                "sha256:0a92745bb1ebbcb3985ed7bda379b94627f0edbc6c82e9e4bac4fb5647ae609a",
                "sha256:0cca1844ba870e81c03633a99aa3dc62256fb96323431a5dec7d4e503c26372d",
                "sha256:166917a729b9226decff29416f212c516227c2eb8a9c9f920d69ced24e30109f",
                "sha256:1f5f369202912be72fdf9a8f25067a5ece31a2b38507bb869306f173336348da",
                "sha256:2909dffe5c9a615b7e6c92d1ac2d31e3026dc436440a4f750f4749d114d88ceb",
                "sha256:2b5dafed97f778e9901b79cc01b88d39c605e0545b4541f2551a2fd785adc15b",
                "sha256:2e9bd5b23bba8ae8ce4219c9333974ff5e103c857d9ff0e4b73dc4cb244c7d86",
                "sha256:3aa6d45e149a16aa1f0c46816397e12313d5e37f22205c26e06975e150ffcf2a",
                "sha256:4bdbdb8ca577c6c366d15791747c1de6ab14529115a2eb52774240c412a7b403",
                "sha256:53fd857c6c8ffc0aa6a5a3a2619f6a74247e42ec9e46b836a8ffa4abe7aab327",
                "sha256:5cdfe54c1e37279dc70d92815464b77cd8ee30725adc9350f06074f91dbfeed2",
                "sha256:5d92c18458a4aa27497a986038d5d797b5279268a2de303cd00910658e8d149c",
                "sha256:632b32183c0cb0053194a4085c304bc2320e5299f77e3024556fa2aa395c2a8b",
                "sha256:7c735c7a6db8ee9554a3935e741cf288f7dcbe8706320251eb38c412e6a4281d",
                "sha256:7cd40cb4bc50d9e87b3540b23df6e6b24821ba7e1f305c1492b0806c33dbdbec",
                "sha256:84f0ac4a09971536b38cc5d515d6add7926a7e13baa25135a1dbb6afa351a376",
                "sha256:8dcbf377529a9af167cbfc5b8acec0fadd7c2357fc282a1494c222d3abfc9629",
                "sha256:950f0e17ffba7a7ceb0dd056567bc5ade22a11a75920b0e8298865dc28c0eff6",
                "sha256:9e379674728f43a0cd95c423ac0e95262500f9bfd81d33b999daa8ea1756d162",
                "sha256:b15002b9788ffe84e42baffc334739d3b68008a973d65fad0a410ca5d0531980",
                "sha256:b6f036ecc017ec2e2cc2a40615b41850dc7aaaea6a932628c0afc73ab98ba3fb",
                "sha256:bad73f9888d30f9e1d57ac8829f8a12091bdee4949b91db279569774a866a18e",
                "sha256:bbc58fca72ce45a64bb02b87f73df58e29848b693869e58bd890b2ddbb42d83b",
                "sha256:bca4d367a725694dae3dfdc86cf1d1622b9f414e70bd19651f5ac4fb3aa96d61",
                "sha256:be41d5de7a8e241864189b7530ca4aaf56a5204332caa70555c2d96379e18079",
                "sha256:bf53d8dddfc3e53a5bda65f7f4aa40fae306843641e3e8e701c18a5609471edf",
                "sha256:c092fe282de83d48e64d306b4bce03114859cdbfe19bf8a978a78a0d44ddadb1",
                "sha256:c3ab23ee9674336654bf9cac30eb75ac6acb9150dc4b1391bec533a7a4126471",
                "sha256:ce64a44c867d128ab8e675f587aae7f61bd2db836a3c4ba522d884cd7c298a77",
                "sha256:d05cef4a164b44ffda58200efcb22355350979e000828479971ebca49b82ddb1",
                "sha256:d2f25c7f410338d31666d7ddedfa67570900e248b940d186b48461bd4e5569a1",
                "sha256:d3b709d64b5cf064972b3763b47139e4a0dc4ae28a36437757f7663f67b99710",
                "sha256:e32e3455db14602b6117f0f422f46bc297a3853ae2c322ecd1e2c4c04daf6ed5",
                "sha256:ed53209b5f0f383acb49a927179fa51a6e2259878e164273ebc6815f3a752465",
                "sha256:f605f348f4e6a2ba00acb3399c71d213b92f27f2383fc4abebf7a37368c12142",
                "sha256:fcdb3755a7c355bc29df1b5e6fb8226d5c8b90551d202d69d0076a8a5649d68b"
            ],
            "index": "pypi",
            "version": "==1.3.20"
        },
        "typing-extensions": {
            "hashes": [
                "sha256:7cb407020f00f7bfc3cb3e7881628838e69d8f3fcab2f64742a5e76b2f841918",
                "sha256:99d4073b617d30288f569d3f13d2bd7548c3a7e4c8de87db09a9d29bb3a4a60c",
                "sha256:dafc7639cde7f1b6e1acc0f457842a83e722ccca8eef5270af2d74792619a89f"
            ],
            "version": "==3.7.4.3"
        },
        "typing-inspect": {
            "hashes": [
                "sha256:3b98390df4d999a28cf5b35d8b333425af5da2ece8a4ea9e98f71e7591347b4f",
                "sha256:8f1b1dd25908dbfd81d3bebc218011531e7ab614ba6e5bf7826d887c834afab7",
                "sha256:de08f50a22955ddec353876df7b2545994d6df08a2f45d54ac8c05e530372ca0"
            ],
            "version": "==0.6.0"
        }
    },
    "develop": {}
}
